
Microsoft Visual Studio Solution File, Format Version 12.00
# Visual Studio 15
VisualStudioVersion = 15.0.27428.1
MinimumVisualStudioVersion = 10.0.40219.1
Project("{FAE04EC0-301F-11D3-BF4B-00C04F79EFBC}") = "LuciferVoteBot", "LuciferVoteBot\LuciferVoteBot.csproj", "{13346E51-484E-46EE-AB7B-5632DDE7C31A}"
EndProject
Global
	GlobalSection(SolutionConfigurationPlatforms) = preSolution
		Debug|Any CPU = Debug|Any CPU
		Release|Any CPU = Release|Any CPU
	EndGlobalSection
	GlobalSection(ProjectConfigurationPlatforms) = postSolution
		{13346E51-484E-46EE-AB7B-5632DDE7C31A}.Debug|Any CPU.ActiveCfg = Debug|Any CPU
		{13346E51-484E-46EE-AB7B-5632DDE7C31A}.Debug|Any CPU.Build.0 = Debug|Any CPU
		{13346E51-484E-46EE-AB7B-5632DDE7C31A}.Release|Any CPU.ActiveCfg = Release|Any CPU
		{13346E51-484E-46EE-AB7B-5632DDE7C31A}.Release|Any CPU.Build.0 = Release|Any CPU
	EndGlobalSection
	GlobalSection(SolutionProperties) = preSolution
		HideSolutionNode = FALSE
	EndGlobalSection
	GlobalSection(ExtensibilityGlobals) = postSolution
		SolutionGuid = {5DBB2F32-EFA9-4F25-99DF-862316D8B1E1}
	EndGlobalSection
EndGlobal
